
Microsoft Visual Studio Solution File, Format Version 12.00
# Visual Studio Version 16
VisualStudioVersion = 16.0.30621.155
MinimumVisualStudioVersion = 10.0.40219.1
Project("{FAE04EC0-301F-11D3-BF4B-00C04F79EFBC}") = "Notino_Homework_Stryncl", "Notino_Homework_Stryncl\Notino_Homework_Stryncl.csproj", "{21AD6C3E-8FCC-494C-9068-469177451F7E}"
EndProject
Project("{FAE04EC0-301F-11D3-BF4B-00C04F79EFBC}") = "XUnitTestProject", "XUnitTestProject\XUnitTestProject.csproj", "{BDE7D764-7C4D-42BB-AB7F-E4DCD9505750}"
EndProject
Global
	GlobalSection(SolutionConfigurationPlatforms) = preSolution
		Debug|Any CPU = Debug|Any CPU
		Release|Any CPU = Release|Any CPU
	EndGlobalSection
	GlobalSection(ProjectConfigurationPlatforms) = postSolution
		{21AD6C3E-8FCC-494C-9068-469177451F7E}.Debug|Any CPU.ActiveCfg = Debug|Any CPU
		{21AD6C3E-8FCC-494C-9068-469177451F7E}.Debug|Any CPU.Build.0 = Debug|Any CPU
		{21AD6C3E-8FCC-494C-9068-469177451F7E}.Release|Any CPU.ActiveCfg = Release|Any CPU
		{21AD6C3E-8FCC-494C-9068-469177451F7E}.Release|Any CPU.Build.0 = Release|Any CPU
		{BDE7D764-7C4D-42BB-AB7F-E4DCD9505750}.Debug|Any CPU.ActiveCfg = Debug|Any CPU
		{BDE7D764-7C4D-42BB-AB7F-E4DCD9505750}.Debug|Any CPU.Build.0 = Debug|Any CPU
		{BDE7D764-7C4D-42BB-AB7F-E4DCD9505750}.Release|Any CPU.ActiveCfg = Release|Any CPU
		{BDE7D764-7C4D-42BB-AB7F-E4DCD9505750}.Release|Any CPU.Build.0 = Release|Any CPU
	EndGlobalSection
	GlobalSection(SolutionProperties) = preSolution
		HideSolutionNode = FALSE
	EndGlobalSection
	GlobalSection(ExtensibilityGlobals) = postSolution
		SolutionGuid = {F1AB23B4-5A8C-4C38-B01C-1545EE027595}
	EndGlobalSection
EndGlobal
